
Microsoft Visual Studio Solution File, Format Version 12.00
# Visual Studio 15
VisualStudioVersion = 15.0.28010.2036
MinimumVisualStudioVersion = 10.0.40219.1
Project("{9A19103F-16F7-4668-BE54-9A1E7A4F7556}") = "Dbosoft.Functional", "src\Contiva.Functional\Dbosoft.Functional.csproj", "{11F72128-49E1-4249-92CD-158E084D1C2F}"
EndProject
Global
	GlobalSection(SolutionConfigurationPlatforms) = preSolution
		Debug|Any CPU = Debug|Any CPU
		Release|Any CPU = Release|Any CPU
	EndGlobalSection
	GlobalSection(ProjectConfigurationPlatforms) = postSolution
		{11F72128-49E1-4249-92CD-158E084D1C2F}.Debug|Any CPU.ActiveCfg = Debug|Any CPU
		{11F72128-49E1-4249-92CD-158E084D1C2F}.Debug|Any CPU.Build.0 = Debug|Any CPU
		{11F72128-49E1-4249-92CD-158E084D1C2F}.Release|Any CPU.ActiveCfg = Release|Any CPU
		{11F72128-49E1-4249-92CD-158E084D1C2F}.Release|Any CPU.Build.0 = Release|Any CPU
	EndGlobalSection
	GlobalSection(SolutionProperties) = preSolution
		HideSolutionNode = FALSE
	EndGlobalSection
	GlobalSection(ExtensibilityGlobals) = postSolution
		SolutionGuid = {B7150D06-C3F8-4A71-B3C2-FA23C59EBAED}
	EndGlobalSection
EndGlobal
